
Microsoft Visual Studio Solution File, Format Version 12.00
# Visual Studio Version 16
VisualStudioVersion = 16.0.36227.6
MinimumVisualStudioVersion = 10.0.40219.1
Project("{FAE04EC0-301F-11D3-BF4B-00C04F79EFBC}") = "FlightManager", "FlightManager\FlightManager.csproj", "{77D5DABE-1195-40BE-8CEE-5CA6DE508277}"
EndProject
Global
	GlobalSection(SolutionConfigurationPlatforms) = preSolution
		Debug|Any CPU = Debug|Any CPU
		Release|Any CPU = Release|Any CPU
	EndGlobalSection
	GlobalSection(ProjectConfigurationPlatforms) = postSolution
		{77D5DABE-1195-40BE-8CEE-5CA6DE508277}.Debug|Any CPU.ActiveCfg = Debug|Any CPU
		{77D5DABE-1195-40BE-8CEE-5CA6DE508277}.Debug|Any CPU.Build.0 = Debug|Any CPU
		{77D5DABE-1195-40BE-8CEE-5CA6DE508277}.Release|Any CPU.ActiveCfg = Release|Any CPU
		{77D5DABE-1195-40BE-8CEE-5CA6DE508277}.Release|Any CPU.Build.0 = Release|Any CPU
	EndGlobalSection
	GlobalSection(SolutionProperties) = preSolution
		HideSolutionNode = FALSE
	EndGlobalSection
	GlobalSection(ExtensibilityGlobals) = postSolution
		SolutionGuid = {B9D74653-93A3-4E8B-87A6-10F2227D095D}
	EndGlobalSection
EndGlobal
